# THIS IS AN AUTOGENERATED FILE. DO NOT EDIT THIS FILE DIRECTLY.
# yarn lockfile v1


"@babel/runtime@^7.3.1":
  version "7.9.2"
  resolved "https://registry.yarnpkg.com/@babel/runtime/-/runtime-7.9.2.tgz#d90df0583a3a252f09aaa619665367bae518db06"
  integrity sha512-NE2DtOdufG7R5vnfQUTehdTfNycfUANEtCa9PssN9O/xmTzP4E08UI797ixaei6hBEVL9BI/PsdJS5x7mWoB9Q==
  dependencies:
    regenerator-runtime "^0.13.4"

"@formio/bootstrap3@^2.4.0":
  version "2.4.0"
  resolved "https://registry.yarnpkg.com/@formio/bootstrap3/-/bootstrap3-2.4.0.tgz#f93ca283445bb8f2017b68895cc1956f64629082"
  integrity sha512-o0aC+3Bx/HIh+UduTgQnVw/JOpoBFuknQmSSOzjpLR4Ta2Gz+hbzgeeFhCcCXChc/Ha3QDU0L9eHIBZ9LKqhrA==
  dependencies:
    resize-observer-polyfill "^1.5.1"

"@formio/semantic@^2.3.0":
  version "2.3.0"
  resolved "https://registry.yarnpkg.com/@formio/semantic/-/semantic-2.3.0.tgz#56809faf1e959be961ef55d768acc6e0fc058d08"
  integrity sha512-e159R/3hqJXUNUUb1xXSxqPEuNfJ5wgDHDM7iTLX1kxYIeKqrZUwCPRZ4ril6/zDeGLbIsCdvWw+teSBfbY4Tw==

"@sphinxxxx/color-conversion@^2.2.2":
  version "2.2.2"
  resolved "https://registry.yarnpkg.com/@sphinxxxx/color-conversion/-/color-conversion-2.2.2.tgz#03ecc29279e3c0c832f6185a5bfa3497858ac8ca"
  integrity sha512-XExJS3cLqgrmNBIP3bBw6+1oQ1ksGjFh0+oClDKFYpCCqx/hlqwWO5KO/S63fzUo67SxI9dMrF0y5T/Ey7h8Zw==

atoa@1.0.0:
  version "1.0.0"
  resolved "https://registry.yarnpkg.com/atoa/-/atoa-1.0.0.tgz#0cc0e91a480e738f923ebc103676471779b34a49"
  integrity sha1-DMDpGkgOc4+SPrwQNnZHF3mzSkk=

autocompleter@^6.0.3:
  version "6.0.3"
  resolved "https://registry.yarnpkg.com/autocompleter/-/autocompleter-6.0.3.tgz#915e8fabc53ff50792ec893ac8241415f547e233"
  integrity sha512-CACd1r+AzgXOrppaYuOUWtJrM84EdUNSwRVXM0cuP6UQ09kLv7QumV7PD25kxRuZ7X4kVeTX9gkloH4NkNglvg==

browser-cookies@^1.2.0:
  version "1.2.0"
  resolved "https://registry.yarnpkg.com/browser-cookies/-/browser-cookies-1.2.0.tgz#fca3ffb9b6a63aadc4d8c0999c6b57d0fa7d29b5"
  integrity sha1-/KP/ubamOq3E2MCZnGtX0Pp9KbU=

choices.js@^9.0.1:
  version "9.0.1"
  resolved "https://registry.yarnpkg.com/choices.js/-/choices.js-9.0.1.tgz#745fb29af8670428fdc0bf1cc9dfaa404e9d0510"
  integrity sha512-JgpeDY0Tmg7tqY6jaW/druSklJSt7W68tXFJIw0GSGWmO37SDAL8o60eICNGbzIODjj02VNNtf5h6TgoHDtCsA==
  dependencies:
    deepmerge "^4.2.0"
    fuse.js "^3.4.5"
    redux "^4.0.4"

contra@1.9.4:
  version "1.9.4"
  resolved "https://registry.yarnpkg.com/contra/-/contra-1.9.4.tgz#f53bde42d7e5b5985cae4d99a8d610526de8f28d"
  integrity sha1-9TveQtfltZhcrk2ZqNYQUm3o8o0=
  dependencies:
    atoa "1.0.0"
    ticky "1.0.1"

core-js@^3.6.5:
  version "3.6.5"
  resolved "https://registry.yarnpkg.com/core-js/-/core-js-3.6.5.tgz#7395dc273af37fb2e50e9bd3d9fe841285231d1a"
  integrity sha512-vZVEEwZoIsI+vPEuoF9Iqf5H7/M3eeQqWlQnYa8FSKKePuYTf5MWnxb5SDAzCa60b3JBRS5g9b+Dq7b1y/RCrA==

crossvent@1.5.4:
  version "1.5.4"
  resolved "https://registry.yarnpkg.com/crossvent/-/crossvent-1.5.4.tgz#da2c4f8f40c94782517bf2beec1044148194ab92"
  integrity sha1-2ixPj0DJR4JRe/K+7BBEFIGUq5I=
  dependencies:
    custom-event "1.0.0"

custom-event-polyfill@^1.0.7:
  version "1.0.7"
  resolved "https://registry.yarnpkg.com/custom-event-polyfill/-/custom-event-polyfill-1.0.7.tgz#9bc993ddda937c1a30ccd335614c6c58c4f87aee"
  integrity sha512-TDDkd5DkaZxZFM8p+1I3yAlvM3rSr1wbrOliG4yJiwinMZN8z/iGL7BTlDkrJcYTmgUSb4ywVCc3ZaUtOtC76w==

custom-event@1.0.0:
  version "1.0.0"
  resolved "https://registry.yarnpkg.com/custom-event/-/custom-event-1.0.0.tgz#2e4628be19dc4b214b5c02630c5971e811618062"
  integrity sha1-LkYovhncSyFLXAJjDFlx6BFhgGI=

deepmerge@^4.2.0:
  version "4.2.2"
  resolved "https://registry.yarnpkg.com/deepmerge/-/deepmerge-4.2.2.tgz#44d2ea3679b8f4d4ffba33f03d865fc1e7bf4955"
  integrity sha512-FJ3UgI4gIl+PHZm53knsuSFpE+nESMr7M4v9QcgB7S63Kj/6WqMiFQJpBBYz1Pt+66bZpP3Q7Lye0Oo9MPKEdg==

dialog-polyfill@^0.5.1:
  version "0.5.1"
  resolved "https://registry.yarnpkg.com/dialog-polyfill/-/dialog-polyfill-0.5.1.tgz#31a81a36dbefcccadf168ad37ff292c1dd070ddf"
  integrity sha512-1+VxuUxUz1aUpVoZZADSx/PAtMJedtvOFzLJ/HYWboXxmWwtxBPnYzK8IDgxvojcpetewaJJg30f2pIvo4zbLw==

dompurify@^2.0.8:
  version "2.0.10"
  resolved "https://registry.yarnpkg.com/dompurify/-/dompurify-2.0.10.tgz#d193f36d8148b4297a3a420b992d20eeff47a4d3"
  integrity sha512-ok1dcSztsIuVxWG6Cx0ujyDIzNclz9W9OIU0cOb0IT+VAtSLrOelZF4miUvSm1U4PoCw8D7sIOLCnCQOaVpr3w==

downloadjs@^1.4.7:
  version "1.4.7"
  resolved "https://registry.yarnpkg.com/downloadjs/-/downloadjs-1.4.7.tgz#f69f96f940e0d0553dac291139865a3cd0101e3c"
  integrity sha1-9p+W+UDg0FU9rCkROYZaPNAQHjw=

dragula@^3.7.2:
  version "3.7.2"
  resolved "https://registry.yarnpkg.com/dragula/-/dragula-3.7.2.tgz#4a35c9d3981ffac1a949c29ca7285058e87393ce"
  integrity sha1-SjXJ05gf+sGpScKcpyhQWOhzk84=
  dependencies:
    contra "1.9.4"
    crossvent "1.5.4"

eventemitter2@^6.3.1:
  version "6.3.1"
  resolved "https://registry.yarnpkg.com/eventemitter2/-/eventemitter2-6.3.1.tgz#14ec7db8c659aa9b36ad2ce4bfcaba95ad525536"
  integrity sha512-cxfu3g0IBn/JEhAPV33NZTi8llQQ5j62D0Yf4ir1U9uQ1DlRZLL3Hh2E/+TWDprSy4BETWvrGBZMUexuC2b6Lw==

fast-deep-equal@^2.0.1:
  version "2.0.1"
  resolved "https://registry.yarnpkg.com/fast-deep-equal/-/fast-deep-equal-2.0.1.tgz#7b05218ddf9667bf7f370bf7fdb2cb15fdd0aa49"
  integrity sha1-ewUhjd+WZ79/Nwv3/bLLFf3Qqkk=

fast-deep-equal@^3.1.1:
  version "3.1.1"
  resolved "https://registry.yarnpkg.com/fast-deep-equal/-/fast-deep-equal-3.1.1.tgz#545145077c501491e33b15ec408c294376e94ae4"
  integrity sha512-8UEa58QDLauDNfpbrX55Q9jrGHThw2ZMdOky5Gl1CDtVeJDPVrG4Jxx1N8jw2gkWaff5UUuX1KJd+9zGe2B+ZA==

fast-json-patch@^2.2.1:
  version "2.2.1"
  resolved "https://registry.yarnpkg.com/fast-json-patch/-/fast-json-patch-2.2.1.tgz#18150d36c9ab65c7209e7d4eb113f4f8eaabe6d9"
  integrity sha512-4j5uBaTnsYAV5ebkidvxiLUYOwjQ+JSFljeqfTxCrH9bDmlCQaOJFS84oDJ2rAXZq2yskmk3ORfoP9DCwqFNig==
  dependencies:
    fast-deep-equal "^2.0.1"

fetch-ponyfill@^6.1.0:
  version "6.1.0"
  resolved "https://registry.yarnpkg.com/fetch-ponyfill/-/fetch-ponyfill-6.1.0.tgz#d56cd1e6fc4e50aff8cd4b7701dc42a0cc26f476"
  integrity sha512-bLc7JCjpJZZUXVxbgwUhd72Q19MAokrCXOg/Akq+wl0uFLFLklFdBkZo5OpQ3kLI0oGqrKdx6t5Zo3QwXBRmbQ==
  dependencies:
    node-fetch "~2.6.0"

flatpickr@^4.6.3:
  version "4.6.3"
  resolved "https://registry.yarnpkg.com/flatpickr/-/flatpickr-4.6.3.tgz#15a8b76b6e34e3a072861250503a5995b9d3bc60"
  integrity sha512-007VucCkqNOMMb9ggRLNuJowwaJcyOh4sKAFcdGfahfGc7JQbf94zSzjdBq/wVyHWUEs5o3+idhFZ0wbZMRmVQ==

formiojs@4.9.22:
  version "4.9.22"
  resolved "https://registry.yarnpkg.com/formiojs/-/formiojs-4.9.22.tgz#814e542cab5a95ac1f7c8496f022c20f2c25e967"
  integrity sha512-CrYsMZw55BTFlTm7VSDwsGcejSKs7DLLfBZXxIlIH9ksnAQa/evHCnfPhjISIhIhxbVzy/gxmP4P/VOoU8Mg+w==
  dependencies:
    "@formio/bootstrap3" "^2.4.0"
    "@formio/semantic" "^2.3.0"
    autocompleter "^6.0.3"
    browser-cookies "^1.2.0"
    choices.js "^9.0.1"
    core-js "^3.6.5"
    custom-event-polyfill "^1.0.7"
    dialog-polyfill "^0.5.1"
    dompurify "^2.0.8"
    downloadjs "^1.4.7"
    dragula "^3.7.2"
    eventemitter2 "^6.3.1"
    fast-deep-equal "^3.1.1"
    fast-json-patch "^2.2.1"
    fetch-ponyfill "^6.1.0"
    flatpickr "^4.6.3"
    i18next "^19.4.3"
    idb "^5.0.2"
    ismobilejs "^1.1.1"
    json-logic-js "^1.2.2"
    jstimezonedetect "^1.0.7"
    jwt-decode "^2.2.0"
    lodash "^4.17.15"
    moment "^2.24.0"
    moment-timezone "^0.5.28"
    native-promise-only "^0.8.1"
    resize-observer-polyfill "^1.5.1"
    signature_pad "^2.3.2"
    string-hash "^1.1.3"
    text-mask-addons "^3.8.0"
    tooltip.js "^1.3.3"
    uuid "^7.0.3"
    vanilla-picker "^2.10.1"
    vanilla-text-mask "^5.1.1"

fuse.js@^3.4.5:
  version "3.6.1"
  resolved "https://registry.yarnpkg.com/fuse.js/-/fuse.js-3.6.1.tgz#7de85fdd6e1b3377c23ce010892656385fd9b10c"
  integrity sha512-hT9yh/tiinkmirKrlv4KWOjztdoZo1mx9Qh4KvWqC7isoXwdUY3PNWUxceF4/qO9R6riA2C29jdTOeQOIROjgw==

i18next@^19.4.3:
  version "19.4.4"
  resolved "https://registry.yarnpkg.com/i18next/-/i18next-19.4.4.tgz#c0a18bc2f2be554da636e67bfbf5200c7948b60d"
  integrity sha512-ofaHtdsDdX3A5nYur1HWblB7J4hIcjr2ACdnwTAJgc8hTfPbyzZfGX0hVkKpI3vzDIgO6Uzc4v1ffW2W6gG6zw==
  dependencies:
    "@babel/runtime" "^7.3.1"

idb@^5.0.2:
  version "5.0.2"
  resolved "https://registry.yarnpkg.com/idb/-/idb-5.0.2.tgz#294e5dd0f1930519dd07393a793cd4edfac93834"
  integrity sha512-53yU1RbSPkSkQxufmNgcBkxxnbsTMGaYCv2NwQDmBP75muYj4Z75DsvCqhCCivYcC1XaXDi9tZSUOfDQFxuABA==

ismobilejs@^1.1.1:
  version "1.1.1"
  resolved "https://registry.yarnpkg.com/ismobilejs/-/ismobilejs-1.1.1.tgz#c56ca0ae8e52b24ca0f22ba5ef3215a2ddbbaa0e"
  integrity sha512-VaFW53yt8QO61k2WJui0dHf4SlL8lxBofUuUmwBo0ljPk0Drz2TiuDW4jo3wDcv41qy/SxrJ+VAzJ/qYqsmzRw==

"js-tokens@^3.0.0 || ^4.0.0":
  version "4.0.0"
  resolved "https://registry.yarnpkg.com/js-tokens/-/js-tokens-4.0.0.tgz#19203fb59991df98e3a287050d4647cdeaf32499"
  integrity sha512-RdJUflcE3cUzKiMqQgsCu06FPu9UdIJO0beYbPhHN4k6apgJtifcoCtT9bcxOpYBtpD2kCM6Sbzg4CausW/PKQ==

json-logic-js@^1.2.2:
  version "1.2.2"
  resolved "https://registry.yarnpkg.com/json-logic-js/-/json-logic-js-1.2.2.tgz#e5c382aa6df25df485edead339869396c533afe8"
  integrity sha1-5cOCqm3yXfSF7erTOYaTlsUzr+g=

jstimezonedetect@^1.0.7:
  version "1.0.7"
  resolved "https://registry.yarnpkg.com/jstimezonedetect/-/jstimezonedetect-1.0.7.tgz#54bc13ff9960a6510288665cc9596244e21bd29d"
  integrity sha512-ARADHortktl9IZ1tr4GHwGPIAzgz3mLNCbR/YjWtRtc/O0o634O3NeFlpLjv95EvuDA5dc8z6yfgbS8nUc4zcQ==

jwt-decode@^2.2.0:
  version "2.2.0"
  resolved "https://registry.yarnpkg.com/jwt-decode/-/jwt-decode-2.2.0.tgz#7d86bd56679f58ce6a84704a657dd392bba81a79"
  integrity sha1-fYa9VmefWM5qhHBKZX3TkruoGnk=

lodash@^4.17.15:
  version "4.17.19"
  resolved "https://registry.yarnpkg.com/lodash/-/lodash-4.17.19.tgz#e48ddedbe30b3321783c5b4301fbd353bc1e4a4b"
  integrity sha512-JNvd8XER9GQX0v2qJgsaN/mzFCNA5BRe/j8JN9d+tWyGLSodKQHKFicdwNYzWwI3wjRnaKPsGj1XkBjx/F96DQ==

loose-envify@^1.4.0:
  version "1.4.0"
  resolved "https://registry.yarnpkg.com/loose-envify/-/loose-envify-1.4.0.tgz#71ee51fa7be4caec1a63839f7e682d8132d30caf"
  integrity sha512-lyuxPGr/Wfhrlem2CL/UcnUc1zcqKAImBDzukY7Y5F/yQiNdko6+fRLevlw1HgMySw7f611UIY408EtxRSoK3Q==
  dependencies:
    js-tokens "^3.0.0 || ^4.0.0"

moment-timezone@^0.5.28:
  version "0.5.28"
  resolved "https://registry.yarnpkg.com/moment-timezone/-/moment-timezone-0.5.28.tgz#f093d789d091ed7b055d82aa81a82467f72e4338"
  integrity sha512-TDJkZvAyKIVWg5EtVqRzU97w0Rb0YVbfpqyjgu6GwXCAohVRqwZjf4fOzDE6p1Ch98Sro/8hQQi65WDXW5STPw==
  dependencies:
    moment ">= 2.9.0"

"moment@>= 2.9.0", moment@^2.24.0:
  version "2.24.0"
  resolved "https://registry.yarnpkg.com/moment/-/moment-2.24.0.tgz#0d055d53f5052aa653c9f6eb68bb5d12bf5c2b5b"
  integrity sha512-bV7f+6l2QigeBBZSM/6yTNq4P2fNpSWj/0e7jQcy87A8e7o2nAfP/34/2ky5Vw4B9S446EtIhodAzkFCcR4dQg==

native-promise-only@^0.8.1:
  version "0.8.1"
  resolved "https://registry.yarnpkg.com/native-promise-only/-/native-promise-only-0.8.1.tgz#20a318c30cb45f71fe7adfbf7b21c99c1472ef11"
  integrity sha1-IKMYwwy0X3H+et+/eyHJnBRy7xE=

node-fetch@~2.6.0:
  version "2.6.0"
  resolved "https://registry.yarnpkg.com/node-fetch/-/node-fetch-2.6.0.tgz#e633456386d4aa55863f676a7ab0daa8fdecb0fd"
  integrity sha512-8dG4H5ujfvFiqDmVu9fQ5bOHUC15JMjMY/Zumv26oOvvVJjM67KF8koCWIabKQ1GJIa9r2mMZscBq/TbdOcmNA==

popper.js@^1.0.2:
  version "1.16.1"
  resolved "https://registry.yarnpkg.com/popper.js/-/popper.js-1.16.1.tgz#2a223cb3dc7b6213d740e40372be40de43e65b1b"
  integrity sha512-Wb4p1J4zyFTbM+u6WuO4XstYx4Ky9Cewe4DWrel7B0w6VVICvPwdOpotjzcf6eD8TsckVnIMNONQyPIUFOUbCQ==

redux@^4.0.4:
  version "4.0.5"
  resolved "https://registry.yarnpkg.com/redux/-/redux-4.0.5.tgz#4db5de5816e17891de8a80c424232d06f051d93f"
  integrity sha512-VSz1uMAH24DM6MF72vcojpYPtrTUu3ByVWfPL1nPfVRb5mZVTve5GnNCUV53QM/BZ66xfWrm0CTWoM+Xlz8V1w==
  dependencies:
    loose-envify "^1.4.0"
    symbol-observable "^1.2.0"

regenerator-runtime@^0.13.4:
  version "0.13.5"
  resolved "https://registry.yarnpkg.com/regenerator-runtime/-/regenerator-runtime-0.13.5.tgz#d878a1d094b4306d10b9096484b33ebd55e26697"
  integrity sha512-ZS5w8CpKFinUzOwW3c83oPeVXoNsrLsaCoLtJvAClH135j/R77RuymhiSErhm2lKcwSCIpmvIWSbDkIfAqKQlA==

resize-observer-polyfill@^1.5.1:
  version "1.5.1"
  resolved "https://registry.yarnpkg.com/resize-observer-polyfill/-/resize-observer-polyfill-1.5.1.tgz#0e9020dd3d21024458d4ebd27e23e40269810464"
  integrity sha512-LwZrotdHOo12nQuZlHEmtuXdqGoOD0OhaxopaNFxWzInpEgaLWoVuAMbTzixuosCx2nEG58ngzW3vxdWoxIgdg==

signature_pad@^2.3.2:
  version "2.3.2"
  resolved "https://registry.yarnpkg.com/signature_pad/-/signature_pad-2.3.2.tgz#ca7230021c89cedeead27b33d8d16ff254e5f04a"
  integrity sha512-peYXLxOsIY6MES2TrRLDiNg2T++8gGbpP2yaC+6Ohtxr+a2dzoaqWosWDY9sWqTAAk6E/TyQO+LJw9zQwyu5kA==

string-hash@^1.1.3:
  version "1.1.3"
  resolved "https://registry.yarnpkg.com/string-hash/-/string-hash-1.1.3.tgz#e8aafc0ac1855b4666929ed7dd1275df5d6c811b"
  integrity sha1-6Kr8CsGFW0Zmkp7X3RJ1311sgRs=

symbol-observable@^1.2.0:
  version "1.2.0"
  resolved "https://registry.yarnpkg.com/symbol-observable/-/symbol-observable-1.2.0.tgz#c22688aed4eab3cdc2dfeacbb561660560a00804"
  integrity sha512-e900nM8RRtGhlV36KGEU9k65K3mPb1WV70OdjfxlG2EAuM1noi/E/BaW/uMhL7bPEssK8QV57vN3esixjUvcXQ==

text-mask-addons@^3.8.0:
  version "3.8.0"
  resolved "https://registry.yarnpkg.com/text-mask-addons/-/text-mask-addons-3.8.0.tgz#17b61ef665a4f36811f2ea1f01a223b4be61ab26"
  integrity sha1-F7Ye9mWk82gR8uofAaIjtL5hqyY=

ticky@1.0.1:
  version "1.0.1"
  resolved "https://registry.yarnpkg.com/ticky/-/ticky-1.0.1.tgz#b7cfa71e768f1c9000c497b9151b30947c50e46d"
  integrity sha1-t8+nHnaPHJAAxJe5FRswlHxQ5G0=

tooltip.js@^1.3.3:
  version "1.3.3"
  resolved "https://registry.yarnpkg.com/tooltip.js/-/tooltip.js-1.3.3.tgz#2ad0d77bb6776a76e117eac0afcd3c7d3a237121"
  integrity sha512-XWWuy/dBdF/F/YpRE955yqBZ4VdLfiTAUdOqoU+wJm6phJlMpEzl/iYHZ+qJswbeT9VG822bNfsETF9wzmoy5A==
  dependencies:
    popper.js "^1.0.2"

uuid@^7.0.3:
  version "7.0.3"
  resolved "https://registry.yarnpkg.com/uuid/-/uuid-7.0.3.tgz#c5c9f2c8cf25dc0a372c4df1441c41f5bd0c680b"
  integrity sha512-DPSke0pXhTZgoF/d+WSt2QaKMCFSfx7QegxEWT+JOuHF5aWrKEn0G+ztjuJg/gG8/ItK+rbPCD/yNv8yyih6Cg==

vanilla-picker@^2.10.1:
  version "2.10.1"
  resolved "https://registry.yarnpkg.com/vanilla-picker/-/vanilla-picker-2.10.1.tgz#b07d6df8e0c3655e39a7da11e68adc00affa2b12"
  integrity sha512-Bo4HOKkSorcQoRB08HwDMb8X2jt3SsZw7gzFlbzXbhnaxdUVJBm3LOUudr7M1SCVwPCo8d3nq8ajiAg8lAoqPg==
  dependencies:
    "@sphinxxxx/color-conversion" "^2.2.2"

vanilla-text-mask@^5.1.1:
  version "5.1.1"
  resolved "https://registry.yarnpkg.com/vanilla-text-mask/-/vanilla-text-mask-5.1.1.tgz#f854819b2785191cef651e3ee94869f45855f365"
  integrity sha512-JhjoMbCx3DG4GN/M/j06n1bVLeJPsZ7XelyCx8q87M9d5k3jwuWaY+a+09XBq1uOGQAW8QaWska66hOzXNKiQg==
